<?xml version="1.0" encoding="utf-8"?>
<Project ToolsVersion="4.0" xmlns="http://schemas.microsoft.com/developer/msbuild/2003">
  <ItemGroup>
    <ClCompile Include="src\ofApp.cpp">
      <Filter>src</Filter>
    </ClCompile>
    <ClCompile Include="src\main.cpp">
      <Filter>src</Filter>
    </ClCompile>
    <ClCompile Include="src\main.cpp">
      <Filter>src</Filter>
    </ClCompile>
    <ClCompile Include="src\ofApp.cpp">
      <Filter>src</Filter>
    </ClCompile>
    <ClCompile Include="..\..\..\addons\ofxBiquadFilter\src\ofxBiquadFilter.cpp">
      <Filter>addons\ofxBiquadFilter\src</Filter>
    </ClCompile>
    <ClCompile Include="..\..\..\addons\ofxBiquadFilter\src\ofxBiquadFilterInstance.cpp">
      <Filter>addons\ofxBiquadFilter\src</Filter>
    </ClCompile>
    <ClCompile Include="..\..\..\addons\ofxEmotiBit\src\EmotiBitTestingHelper.cpp">
      <Filter>addons\ofxEmotiBit\src</Filter>
    </ClCompile>
    <ClCompile Include="..\..\..\addons\ofxGui\src\ofxBaseGui.cpp">
      <Filter>addons\ofxGui\src</Filter>
    </ClCompile>
    <ClCompile Include="..\..\..\addons\ofxGui\src\ofxButton.cpp">
      <Filter>addons\ofxGui\src</Filter>
    </ClCompile>
    <ClCompile Include="..\..\..\addons\ofxGui\src\ofxColorPicker.cpp">
      <Filter>addons\ofxGui\src</Filter>
    </ClCompile>
    <ClCompile Include="..\..\..\addons\ofxGui\src\ofxGuiGroup.cpp">
      <Filter>addons\ofxGui\src</Filter>
    </ClCompile>
    <ClCompile Include="..\..\..\addons\ofxGui\src\ofxInputField.cpp">
      <Filter>addons\ofxGui\src</Filter>
    </ClCompile>
    <ClCompile Include="..\..\..\addons\ofxGui\src\ofxLabel.cpp">
      <Filter>addons\ofxGui\src</Filter>
    </ClCompile>
    <ClCompile Include="..\..\..\addons\ofxGui\src\ofxPanel.cpp">
      <Filter>addons\ofxGui\src</Filter>
    </ClCompile>
    <ClCompile Include="..\..\..\addons\ofxGui\src\ofxSlider.cpp">
      <Filter>addons\ofxGui\src</Filter>
    </ClCompile>
    <ClCompile Include="..\..\..\addons\ofxGui\src\ofxSliderGroup.cpp">
      <Filter>addons\ofxGui\src</Filter>
    </ClCompile>
    <ClCompile Include="..\..\..\addons\ofxGui\src\ofxToggle.cpp">
      <Filter>addons\ofxGui\src</Filter>
    </ClCompile>
    <ClCompile Include="..\..\..\addons\ofxNetwork\src\ofxNetworkUtils.cpp">
      <Filter>addons\ofxNetwork\src</Filter>
    </ClCompile>
    <ClCompile Include="..\..\..\addons\ofxNetwork\src\ofxTCPClient.cpp">
      <Filter>addons\ofxNetwork\src</Filter>
    </ClCompile>
    <ClCompile Include="..\..\..\addons\ofxNetwork\src\ofxTCPManager.cpp">
      <Filter>addons\ofxNetwork\src</Filter>
    </ClCompile>
    <ClCompile Include="..\..\..\addons\ofxNetwork\src\ofxTCPServer.cpp">
      <Filter>addons\ofxNetwork\src</Filter>
    </ClCompile>
    <ClCompile Include="..\..\..\addons\ofxNetwork\src\ofxUDPManager.cpp">
      <Filter>addons\ofxNetwork\src</Filter>
    </ClCompile>
    <ClCompile Include="..\..\..\addons\ofxPoco\src\ofxXmlPoco.cpp">
      <Filter>addons\ofxPoco\src</Filter>
    </ClCompile>
    <ClCompile Include="..\..\..\addons\ofxNetworkUtils\libs\ofxNetworkUtils\src\IPAddressRange.cpp">
      <Filter>addons\ofxNetworkUtils\libs\ofxNetworkUtils\src</Filter>
    </ClCompile>
    <ClCompile Include="..\..\..\addons\ofxNetworkUtils\libs\ofxNetworkUtils\src\NetworkInterfaceListener.cpp">
      <Filter>addons\ofxNetworkUtils\libs\ofxNetworkUtils\src</Filter>
    </ClCompile>
    <ClCompile Include="..\..\..\addons\ofxNetworkUtils\libs\ofxNetworkUtils\src\NetworkUtils.cpp">
      <Filter>addons\ofxNetworkUtils\libs\ofxNetworkUtils\src</Filter>
    </ClCompile>
    <ClCompile Include="..\..\..\addons\ofxOsc\src\ofxOscBundle.cpp">
      <Filter>addons\ofxOsc\src</Filter>
    </ClCompile>
    <ClCompile Include="..\..\..\addons\ofxOsc\src\ofxOscMessage.cpp">
      <Filter>addons\ofxOsc\src</Filter>
    </ClCompile>
    <ClCompile Include="..\..\..\addons\ofxOsc\src\ofxOscParameterSync.cpp">
      <Filter>addons\ofxOsc\src</Filter>
    </ClCompile>
    <ClCompile Include="..\..\..\addons\ofxOsc\src\ofxOscReceiver.cpp">
      <Filter>addons\ofxOsc\src</Filter>
    </ClCompile>
    <ClCompile Include="..\..\..\addons\ofxOsc\src\ofxOscSender.cpp">
      <Filter>addons\ofxOsc\src</Filter>
    </ClCompile>
    <ClCompile Include="..\..\..\addons\ofxOsc\libs\oscpack\src\ip\IpEndpointName.cpp">
      <Filter>addons\ofxOsc\libs\oscpack\src\ip</Filter>
    </ClCompile>
    <ClCompile Include="..\..\..\addons\ofxOsc\libs\oscpack\src\ip\win32\NetworkingUtils.cpp">
      <Filter>addons\ofxOsc\libs\oscpack\src\ip\win32</Filter>
    </ClCompile>
    <ClCompile Include="..\..\..\addons\ofxOsc\libs\oscpack\src\ip\win32\UdpSocket.cpp">
      <Filter>addons\ofxOsc\libs\oscpack\src\ip\win32</Filter>
    </ClCompile>
    <ClCompile Include="..\..\..\addons\ofxOsc\libs\oscpack\src\osc\OscOutboundPacketStream.cpp">
      <Filter>addons\ofxOsc\libs\oscpack\src\osc</Filter>
    </ClCompile>
    <ClCompile Include="..\..\..\addons\ofxOsc\libs\oscpack\src\osc\OscPrintReceivedElements.cpp">
      <Filter>addons\ofxOsc\libs\oscpack\src\osc</Filter>
    </ClCompile>
    <ClCompile Include="..\..\..\addons\ofxOsc\libs\oscpack\src\osc\OscReceivedElements.cpp">
      <Filter>addons\ofxOsc\libs\oscpack\src\osc</Filter>
    </ClCompile>
    <ClCompile Include="..\..\..\addons\ofxOsc\libs\oscpack\src\osc\OscTypes.cpp">
      <Filter>addons\ofxOsc\libs\oscpack\src\osc</Filter>
    </ClCompile>
    <ClCompile Include="..\..\..\addons\ofxOscilloscope\src\ofxOscilloscope.cpp">
      <Filter>addons\ofxOscilloscope\src</Filter>
    </ClCompile>
    <ClCompile Include="..\..\..\addons\ofxThreadedLogger\src\ofxThreadedLogger.cpp">
      <Filter>addons\ofxThreadedLogger\src</Filter>
    </ClCompile>
    <ClCompile Include="..\..\..\addons\ofxXmlSettings\src\ofxXmlSettings.cpp">
      <Filter>addons\ofxXmlSettings\src</Filter>
    </ClCompile>
    <ClCompile Include="..\..\..\addons\ofxXmlSettings\libs\tinyxml.cpp">
      <Filter>addons\ofxXmlSettings\libs</Filter>
    </ClCompile>
    <ClCompile Include="..\..\..\addons\ofxXmlSettings\libs\tinyxmlerror.cpp">
      <Filter>addons\ofxXmlSettings\libs</Filter>
    </ClCompile>
    <ClCompile Include="..\..\..\addons\ofxXmlSettings\libs\tinyxmlparser.cpp">
      <Filter>addons\ofxXmlSettings\libs</Filter>
    </ClCompile>
    <ClCompile Include="..\..\..\addons\EmotiBit_XPlat_Utils\src\EmotiBitPacket.cpp">
      <Filter>src\EmotiBit_XPlat_Utils\src</Filter>
    </ClCompile>
    <ClCompile Include="..\src\Signal\Periodizer.cpp">
      <Filter>addons\ofxEmotiBit\src\Signal</Filter>
    </ClCompile>
    <ClCompile Include="..\..\ofxJSON\libs\jsoncpp\src\jsoncpp.cpp">
      <Filter>addons\ofxJSON\libs\src</Filter>
    </ClCompile>
    <ClCompile Include="..\..\ofxJSON\src\ofxJSONElement.cpp">
      <Filter>addons\ofxJSON\src</Filter>
    </ClCompile>
    <ClCompile Include="..\..\ofxLSL\src\ofxLSLReceiver.cpp">
      <Filter>addons\ofxLSL\src</Filter>
    </ClCompile>
    <ClCompile Include="..\..\ofxLSL\src\ofxLSLResolver.cpp">
      <Filter>addons\ofxLSL\src</Filter>
    </ClCompile>
    <ClCompile Include="..\..\ofxOscilloscope\ofxPatchboard\Patchboard\src\PatchboardBase.cpp">
      <Filter>addons\ofxOscilloscope\ofxPatchboard\Patchboard\src</Filter>
    </ClCompile>
    <ClCompile Include="..\..\ofxOscilloscope\ofxPatchboard\Patchboard\src\PatchboardJson.cpp">
      <Filter>addons\ofxOscilloscope\ofxPatchboard\Patchboard\src</Filter>
    </ClCompile>
    <ClCompile Include="..\..\ofxOscilloscope\ofxPatchboard\Patchboard\src\PatchboardXml.cpp">
      <Filter>addons\ofxOscilloscope\ofxPatchboard\Patchboard\src</Filter>
    </ClCompile>
    <ClCompile Include="..\src\EmotiBitOfUtils.cpp">
      <Filter>addons\ofxEmotiBit\src</Filter>
    </ClCompile>
    <ClCompile Include="..\src\SoftwareVersionChecker.cpp" />
    <ClCompile Include="src\EmotiBitWiFiHost.cpp">
      <Filter>src</Filter>
    </ClCompile>
    <ClCompile Include="src\EmotiBitLsl.cpp">
      <Filter>src</Filter>
    </ClCompile>
  </ItemGroup>
  <ItemGroup>
    <Filter Include="src">
      <UniqueIdentifier>{d8376475-7454-4a24-b08a-aac121d3ad6f}</UniqueIdentifier>
    </Filter>
    <Filter Include="addons">
      <UniqueIdentifier>{71834F65-F3A9-211E-73B8-DC85}</UniqueIdentifier>
    </Filter>
    <Filter Include="addons\ofxBiquadFilter">
      <UniqueIdentifier>{722AA280-224B-6677-0333-080D}</UniqueIdentifier>
    </Filter>
    <Filter Include="addons\ofxBiquadFilter\src">
      <UniqueIdentifier>{6A1697DC-957E-5FD0-4C2B-394F}</UniqueIdentifier>
    </Filter>
    <Filter Include="addons\ofxEmotiBit">
      <UniqueIdentifier>{D5BAEE0B-17C8-94EC-18FD-28FF}</UniqueIdentifier>
    </Filter>
    <Filter Include="addons\ofxEmotiBit\src">
      <UniqueIdentifier>{E6176BF7-A69F-78A5-E517-F6F5}</UniqueIdentifier>
    </Filter>
    <Filter Include="addons\ofxGui">
      <UniqueIdentifier>{4F2A59AF-5F4E-704B-D067-EC13}</UniqueIdentifier>
    </Filter>
    <Filter Include="addons\ofxGui\src">
      <UniqueIdentifier>{645E9533-4DCD-6179-1CDF-CB65}</UniqueIdentifier>
    </Filter>
    <Filter Include="addons\ofxLSL">
      <UniqueIdentifier>{E430D85D-EA0C-5184-7E9B-BB5E}</UniqueIdentifier>
    </Filter>
    <Filter Include="addons\ofxLSL\src">
      <UniqueIdentifier>{763B5CC1-EAEB-7EDB-9673-C1CF}</UniqueIdentifier>
    </Filter>
    <Filter Include="addons\ofxLSL\libs">
      <UniqueIdentifier>{4AA100E8-4E65-39BA-41AD-6742}</UniqueIdentifier>
    </Filter>
    <Filter Include="addons\ofxLSL\libs\labstreaminglayer">
      <UniqueIdentifier>{52EB1F93-04D9-D92F-9F26-03E3}</UniqueIdentifier>
    </Filter>
    <Filter Include="addons\ofxLSL\libs\labstreaminglayer\include">
      <UniqueIdentifier>{CE14D52E-4C21-4A37-981F-9A42}</UniqueIdentifier>
    </Filter>
    <Filter Include="addons\ofxNetwork">
      <UniqueIdentifier>{01A15744-29A6-108D-08E9-83A7}</UniqueIdentifier>
    </Filter>
    <Filter Include="addons\ofxNetwork\src">
      <UniqueIdentifier>{3D1C10C7-8F35-E796-9C70-F5F3}</UniqueIdentifier>
    </Filter>
    <Filter Include="addons\ofxPoco">
      <UniqueIdentifier>{3256AE3E-9B29-EA27-C842-CE6B}</UniqueIdentifier>
    </Filter>
    <Filter Include="addons\ofxPoco\src">
      <UniqueIdentifier>{C7D4269D-D8A9-A7BB-531B-98DA}</UniqueIdentifier>
    </Filter>
    <Filter Include="addons\ofxNetworkUtils">
      <UniqueIdentifier>{70602827-0B05-E0AB-D576-41B5}</UniqueIdentifier>
    </Filter>
    <Filter Include="addons\ofxNetworkUtils\src">
      <UniqueIdentifier>{2CEAFECC-CC03-CFEC-AD86-E0B8}</UniqueIdentifier>
    </Filter>
    <Filter Include="addons\ofxNetworkUtils\libs">
      <UniqueIdentifier>{70900355-8B0B-5038-EE2C-607E}</UniqueIdentifier>
    </Filter>
    <Filter Include="addons\ofxNetworkUtils\libs\ofxNetworkUtils">
      <UniqueIdentifier>{9B0998B0-859D-7FAF-E7E3-357F}</UniqueIdentifier>
    </Filter>
    <Filter Include="addons\ofxNetworkUtils\libs\ofxNetworkUtils\include">
      <UniqueIdentifier>{0D08502A-641D-DA92-1520-1AF4}</UniqueIdentifier>
    </Filter>
    <Filter Include="addons\ofxNetworkUtils\libs\ofxNetworkUtils\include\ofx">
      <UniqueIdentifier>{FB36A9AF-C5D5-2D1A-6465-8E8C}</UniqueIdentifier>
    </Filter>
    <Filter Include="addons\ofxNetworkUtils\libs\ofxNetworkUtils\include\ofx\Net">
      <UniqueIdentifier>{F6603996-7AC9-0971-4D3A-9F4B}</UniqueIdentifier>
    </Filter>
    <Filter Include="addons\ofxNetworkUtils\libs\ofxNetworkUtils\src">
      <UniqueIdentifier>{C86DFC67-EF96-D121-C612-E620}</UniqueIdentifier>
    </Filter>
    <Filter Include="addons\ofxOsc">
      <UniqueIdentifier>{D91DCA33-6E5D-4481-2AEC-9FBB}</UniqueIdentifier>
    </Filter>
    <Filter Include="addons\ofxOsc\src">
      <UniqueIdentifier>{B9DD339A-D93D-92A1-0A2F-4B41}</UniqueIdentifier>
    </Filter>
    <Filter Include="addons\ofxOsc\libs">
      <UniqueIdentifier>{99ECA1D9-873F-4622-8FC0-FC7B}</UniqueIdentifier>
    </Filter>
    <Filter Include="addons\ofxOsc\libs\oscpack">
      <UniqueIdentifier>{D3A98534-1602-4FEF-57A6-6593}</UniqueIdentifier>
    </Filter>
    <Filter Include="addons\ofxOsc\libs\oscpack\src">
      <UniqueIdentifier>{BFB5BB47-98C8-BBCB-3066-1046}</UniqueIdentifier>
    </Filter>
    <Filter Include="addons\ofxOsc\libs\oscpack\src\ip">
      <UniqueIdentifier>{5A029128-EB41-95C5-CBC0-CDED}</UniqueIdentifier>
    </Filter>
    <Filter Include="addons\ofxOsc\libs\oscpack\src\ip\win32">
      <UniqueIdentifier>{79DFDFE2-400B-8654-3675-01A3}</UniqueIdentifier>
    </Filter>
    <Filter Include="addons\ofxOsc\libs\oscpack\src\osc">
      <UniqueIdentifier>{EDACB89C-9768-9551-4D41-B590}</UniqueIdentifier>
    </Filter>
    <Filter Include="addons\ofxOscilloscope">
      <UniqueIdentifier>{CB6C7742-41F7-9C67-52CA-71E8}</UniqueIdentifier>
    </Filter>
    <Filter Include="addons\ofxOscilloscope\src">
      <UniqueIdentifier>{BBA04344-3B3C-EEBB-B886-25E4}</UniqueIdentifier>
    </Filter>
    <Filter Include="addons\ofxThreadedLogger">
      <UniqueIdentifier>{832094C4-8614-2B4B-A60F-4240}</UniqueIdentifier>
    </Filter>
    <Filter Include="addons\ofxThreadedLogger\src">
      <UniqueIdentifier>{CA068CB5-A638-66AF-AE6A-1CDD}</UniqueIdentifier>
    </Filter>
    <Filter Include="addons\ofxXmlSettings">
      <UniqueIdentifier>{877F005D-13E6-0592-1D97-F2E3}</UniqueIdentifier>
    </Filter>
    <Filter Include="addons\ofxXmlSettings\src">
      <UniqueIdentifier>{CCB2AC63-49D2-977C-CFE8-AEAD}</UniqueIdentifier>
    </Filter>
    <Filter Include="addons\ofxXmlSettings\libs">
      <UniqueIdentifier>{687714A8-1662-FA1C-261F-50F0}</UniqueIdentifier>
    </Filter>
    <Filter Include="src\EmotiBit_XPlat_Utils">
      <UniqueIdentifier>{7c17e1f3-4f37-4293-8b15-cc0db453bf30}</UniqueIdentifier>
    </Filter>
    <Filter Include="src\EmotiBit_XPlat_Utils\src">
      <UniqueIdentifier>{c6dba512-20b1-4da1-9017-e2bab13ba7c7}</UniqueIdentifier>
    </Filter>
    <Filter Include="addons\ofxEmotiBit\src\Signal">
      <UniqueIdentifier>{d1515230-6612-416e-ab3b-169034e462f9}</UniqueIdentifier>
    </Filter>
    <Filter Include="addons\ofxJSON">
      <UniqueIdentifier>{b516006f-7305-4024-971c-aeddc678c1ab}</UniqueIdentifier>
    </Filter>
    <Filter Include="addons\ofxJSON\libs">
      <UniqueIdentifier>{cc7fda66-98c0-4ad6-a2d6-82a395ffdebb}</UniqueIdentifier>
    </Filter>
    <Filter Include="addons\ofxJSON\libs\include">
      <UniqueIdentifier>{635988bd-8c91-4d4c-a9a4-e4d97e5bef4e}</UniqueIdentifier>
    </Filter>
    <Filter Include="addons\ofxJSON\libs\src">
      <UniqueIdentifier>{77fac288-c2e5-474f-b9b2-43af7f368a74}</UniqueIdentifier>
    </Filter>
    <Filter Include="addons\ofxJSON\libs\include\json">
      <UniqueIdentifier>{eb41102e-ad8e-4425-bb26-86e898b1372a}</UniqueIdentifier>
    </Filter>
    <Filter Include="addons\ofxJSON\src">
      <UniqueIdentifier>{6b0a7f8d-1d97-4932-9a0b-367affb0d926}</UniqueIdentifier>
    </Filter>
    <Filter Include="addons\ofxOscilloscope\ofxPatchboard">
      <UniqueIdentifier>{d6965733-04a1-4127-aec0-6a978a5c23a0}</UniqueIdentifier>
    </Filter>
    <Filter Include="addons\ofxOscilloscope\ofxPatchboard\Patchboard">
      <UniqueIdentifier>{3aac4f2f-d0e3-48f1-942e-f4923287bc9f}</UniqueIdentifier>
    </Filter>
    <Filter Include="addons\ofxOscilloscope\ofxPatchboard\Patchboard\src">
      <UniqueIdentifier>{c0eeea17-dad1-4908-a01d-fa0e6f331482}</UniqueIdentifier>
    </Filter>
  </ItemGroup>
  <ItemGroup>
    <ClInclude Include="src\ofApp.h">
      <Filter>src</Filter>
    </ClInclude>
    <ClInclude Include="src\ofApp.h">
      <Filter>src</Filter>
    </ClInclude>
    <ClInclude Include="..\..\..\addons\ofxBiquadFilter\src\ofxBiquadFilter.h">
      <Filter>addons\ofxBiquadFilter\src</Filter>
    </ClInclude>
    <ClInclude Include="..\..\..\addons\ofxBiquadFilter\src\ofxBiquadFilterInstance.h">
      <Filter>addons\ofxBiquadFilter\src</Filter>
    </ClInclude>
    <ClInclude Include="..\..\..\addons\ofxEmotiBit\src\DoubleBuffer.h">
      <Filter>addons\ofxEmotiBit\src</Filter>
    </ClInclude>
    <ClInclude Include="..\..\..\addons\ofxEmotiBit\src\EmotiBitTestingHelper.h">
      <Filter>addons\ofxEmotiBit\src</Filter>
    </ClInclude>
    <ClInclude Include="..\..\..\addons\ofxEmotiBit\src\ofxEmotiBitVersion.h">
      <Filter>addons\ofxEmotiBit\src</Filter>
    </ClInclude>
    <ClInclude Include="..\..\..\addons\ofxGui\src\ofxBaseGui.h">
      <Filter>addons\ofxGui\src</Filter>
    </ClInclude>
    <ClInclude Include="..\..\..\addons\ofxGui\src\ofxButton.h">
      <Filter>addons\ofxGui\src</Filter>
    </ClInclude>
    <ClInclude Include="..\..\..\addons\ofxGui\src\ofxColorPicker.h">
      <Filter>addons\ofxGui\src</Filter>
    </ClInclude>
    <ClInclude Include="..\..\..\addons\ofxGui\src\ofxGui.h">
      <Filter>addons\ofxGui\src</Filter>
    </ClInclude>
    <ClInclude Include="..\..\..\addons\ofxGui\src\ofxGuiGroup.h">
      <Filter>addons\ofxGui\src</Filter>
    </ClInclude>
    <ClInclude Include="..\..\..\addons\ofxGui\src\ofxGuiUtils.h">
      <Filter>addons\ofxGui\src</Filter>
    </ClInclude>
    <ClInclude Include="..\..\..\addons\ofxGui\src\ofxInputField.h">
      <Filter>addons\ofxGui\src</Filter>
    </ClInclude>
    <ClInclude Include="..\..\..\addons\ofxGui\src\ofxLabel.h">
      <Filter>addons\ofxGui\src</Filter>
    </ClInclude>
    <ClInclude Include="..\..\..\addons\ofxGui\src\ofxPanel.h">
      <Filter>addons\ofxGui\src</Filter>
    </ClInclude>
    <ClInclude Include="..\..\..\addons\ofxGui\src\ofxSlider.h">
      <Filter>addons\ofxGui\src</Filter>
    </ClInclude>
    <ClInclude Include="..\..\..\addons\ofxGui\src\ofxSliderGroup.h">
      <Filter>addons\ofxGui\src</Filter>
    </ClInclude>
    <ClInclude Include="..\..\..\addons\ofxGui\src\ofxToggle.h">
      <Filter>addons\ofxGui\src</Filter>
    </ClInclude>
    <ClInclude Include="..\..\..\addons\ofxLSL\src\ofxLSL.h">
      <Filter>addons\ofxLSL\src</Filter>
    </ClInclude>
    <ClInclude Include="..\..\..\addons\ofxLSL\libs\labstreaminglayer\include\lsl_c.h">
      <Filter>addons\ofxLSL\libs\labstreaminglayer\include</Filter>
    </ClInclude>
    <ClInclude Include="..\..\..\addons\ofxLSL\libs\labstreaminglayer\include\lsl_cpp.h">
      <Filter>addons\ofxLSL\libs\labstreaminglayer\include</Filter>
    </ClInclude>
    <ClInclude Include="..\..\..\addons\ofxNetwork\src\ofxNetwork.h">
      <Filter>addons\ofxNetwork\src</Filter>
    </ClInclude>
    <ClInclude Include="..\..\..\addons\ofxNetwork\src\ofxNetworkUtils.h">
      <Filter>addons\ofxNetwork\src</Filter>
    </ClInclude>
    <ClInclude Include="..\..\..\addons\ofxNetwork\src\ofxTCPClient.h">
      <Filter>addons\ofxNetwork\src</Filter>
    </ClInclude>
    <ClInclude Include="..\..\..\addons\ofxNetwork\src\ofxTCPManager.h">
      <Filter>addons\ofxNetwork\src</Filter>
    </ClInclude>
    <ClInclude Include="..\..\..\addons\ofxNetwork\src\ofxTCPServer.h">
      <Filter>addons\ofxNetwork\src</Filter>
    </ClInclude>
    <ClInclude Include="..\..\..\addons\ofxNetwork\src\ofxTCPSettings.h">
      <Filter>addons\ofxNetwork\src</Filter>
    </ClInclude>
    <ClInclude Include="..\..\..\addons\ofxNetwork\src\ofxUDPManager.h">
      <Filter>addons\ofxNetwork\src</Filter>
    </ClInclude>
    <ClInclude Include="..\..\..\addons\ofxNetwork\src\ofxUDPSettings.h">
      <Filter>addons\ofxNetwork\src</Filter>
    </ClInclude>
    <ClInclude Include="..\..\..\addons\ofxPoco\src\ofxXmlPoco.h">
      <Filter>addons\ofxPoco\src</Filter>
    </ClInclude>
    <ClInclude Include="..\..\..\addons\ofxNetworkUtils\src\ofxNetworkUtils.h">
      <Filter>addons\ofxNetworkUtils\src</Filter>
    </ClInclude>
    <ClInclude Include="..\..\..\addons\ofxNetworkUtils\libs\ofxNetworkUtils\include\ofx\Net\IPAddressRange.h">
      <Filter>addons\ofxNetworkUtils\libs\ofxNetworkUtils\include\ofx\Net</Filter>
    </ClInclude>
    <ClInclude Include="..\..\..\addons\ofxNetworkUtils\libs\ofxNetworkUtils\include\ofx\Net\NetworkInterfaceListener.h">
      <Filter>addons\ofxNetworkUtils\libs\ofxNetworkUtils\include\ofx\Net</Filter>
    </ClInclude>
    <ClInclude Include="..\..\..\addons\ofxNetworkUtils\libs\ofxNetworkUtils\include\ofx\Net\NetworkUtils.h">
      <Filter>addons\ofxNetworkUtils\libs\ofxNetworkUtils\include\ofx\Net</Filter>
    </ClInclude>
    <ClInclude Include="..\..\..\addons\ofxOsc\src\ofxOsc.h">
      <Filter>addons\ofxOsc\src</Filter>
    </ClInclude>
    <ClInclude Include="..\..\..\addons\ofxOsc\src\ofxOscArg.h">
      <Filter>addons\ofxOsc\src</Filter>
    </ClInclude>
    <ClInclude Include="..\..\..\addons\ofxOsc\src\ofxOscBundle.h">
      <Filter>addons\ofxOsc\src</Filter>
    </ClInclude>
    <ClInclude Include="..\..\..\addons\ofxOsc\src\ofxOscMessage.h">
      <Filter>addons\ofxOsc\src</Filter>
    </ClInclude>
    <ClInclude Include="..\..\..\addons\ofxOsc\src\ofxOscParameterSync.h">
      <Filter>addons\ofxOsc\src</Filter>
    </ClInclude>
    <ClInclude Include="..\..\..\addons\ofxOsc\src\ofxOscReceiver.h">
      <Filter>addons\ofxOsc\src</Filter>
    </ClInclude>
    <ClInclude Include="..\..\..\addons\ofxOsc\src\ofxOscSender.h">
      <Filter>addons\ofxOsc\src</Filter>
    </ClInclude>
    <ClInclude Include="..\..\..\addons\ofxOsc\libs\oscpack\src\ip\IpEndpointName.h">
      <Filter>addons\ofxOsc\libs\oscpack\src\ip</Filter>
    </ClInclude>
    <ClInclude Include="..\..\..\addons\ofxOsc\libs\oscpack\src\ip\NetworkingUtils.h">
      <Filter>addons\ofxOsc\libs\oscpack\src\ip</Filter>
    </ClInclude>
    <ClInclude Include="..\..\..\addons\ofxOsc\libs\oscpack\src\ip\PacketListener.h">
      <Filter>addons\ofxOsc\libs\oscpack\src\ip</Filter>
    </ClInclude>
    <ClInclude Include="..\..\..\addons\ofxOsc\libs\oscpack\src\ip\TimerListener.h">
      <Filter>addons\ofxOsc\libs\oscpack\src\ip</Filter>
    </ClInclude>
    <ClInclude Include="..\..\..\addons\ofxOsc\libs\oscpack\src\ip\UdpSocket.h">
      <Filter>addons\ofxOsc\libs\oscpack\src\ip</Filter>
    </ClInclude>
    <ClInclude Include="..\..\..\addons\ofxOsc\libs\oscpack\src\osc\MessageMappingOscPacketListener.h">
      <Filter>addons\ofxOsc\libs\oscpack\src\osc</Filter>
    </ClInclude>
    <ClInclude Include="..\..\..\addons\ofxOsc\libs\oscpack\src\osc\OscException.h">
      <Filter>addons\ofxOsc\libs\oscpack\src\osc</Filter>
    </ClInclude>
    <ClInclude Include="..\..\..\addons\ofxOsc\libs\oscpack\src\osc\OscHostEndianness.h">
      <Filter>addons\ofxOsc\libs\oscpack\src\osc</Filter>
    </ClInclude>
    <ClInclude Include="..\..\..\addons\ofxOsc\libs\oscpack\src\osc\OscOutboundPacketStream.h">
      <Filter>addons\ofxOsc\libs\oscpack\src\osc</Filter>
    </ClInclude>
    <ClInclude Include="..\..\..\addons\ofxOsc\libs\oscpack\src\osc\OscPacketListener.h">
      <Filter>addons\ofxOsc\libs\oscpack\src\osc</Filter>
    </ClInclude>
    <ClInclude Include="..\..\..\addons\ofxOsc\libs\oscpack\src\osc\OscPrintReceivedElements.h">
      <Filter>addons\ofxOsc\libs\oscpack\src\osc</Filter>
    </ClInclude>
    <ClInclude Include="..\..\..\addons\ofxOsc\libs\oscpack\src\osc\OscReceivedElements.h">
      <Filter>addons\ofxOsc\libs\oscpack\src\osc</Filter>
    </ClInclude>
    <ClInclude Include="..\..\..\addons\ofxOsc\libs\oscpack\src\osc\OscTypes.h">
      <Filter>addons\ofxOsc\libs\oscpack\src\osc</Filter>
    </ClInclude>
    <ClInclude Include="..\..\..\addons\ofxOscilloscope\src\ofxOscilloscope.h">
      <Filter>addons\ofxOscilloscope\src</Filter>
    </ClInclude>
    <ClInclude Include="..\..\..\addons\ofxThreadedLogger\src\ofxThreadedLogger.h">
      <Filter>addons\ofxThreadedLogger\src</Filter>
    </ClInclude>
    <ClInclude Include="..\..\..\addons\ofxXmlSettings\src\ofxXmlSettings.h">
      <Filter>addons\ofxXmlSettings\src</Filter>
    </ClInclude>
    <ClInclude Include="..\..\..\addons\ofxXmlSettings\libs\tinyxml.h">
      <Filter>addons\ofxXmlSettings\libs</Filter>
    </ClInclude>
    <ClInclude Include="..\..\..\addons\EmotiBit_XPlat_Utils\src\EmotiBitComms.h">
      <Filter>src\EmotiBit_XPlat_Utils\src</Filter>
    </ClInclude>
    <ClInclude Include="..\..\..\addons\EmotiBit_XPlat_Utils\src\EmotiBitPacket.h">
      <Filter>src\EmotiBit_XPlat_Utils\src</Filter>
    </ClInclude>
    <ClInclude Include="..\src\Signal\Periodizer.h">
      <Filter>addons\ofxEmotiBit\src\Signal</Filter>
    </ClInclude>
    <ClInclude Include="..\..\ofxJSON\libs\jsoncpp\include\json\json.h">
      <Filter>addons\ofxJSON\libs\include\json</Filter>
    </ClInclude>
    <ClInclude Include="..\..\ofxJSON\libs\jsoncpp\include\json\json-forwards.h">
      <Filter>addons\ofxJSON\libs\include\json</Filter>
    </ClInclude>
    <ClInclude Include="..\..\ofxJSON\src\ofxJSON.h">
      <Filter>addons\ofxJSON\src</Filter>
    </ClInclude>
    <ClInclude Include="..\..\ofxJSON\src\ofxJSONElement.h">
      <Filter>addons\ofxJSON\src</Filter>
    </ClInclude>
    <ClInclude Include="..\..\ofxLSL\src\ofxLSLReceiver.h">
      <Filter>addons\ofxLSL\src</Filter>
    </ClInclude>
    <ClInclude Include="..\..\ofxLSL\src\ofxLSLResolver.h">
      <Filter>addons\ofxLSL\src</Filter>
    </ClInclude>
    <ClInclude Include="..\..\ofxLSL\src\ofxLSLSender.h">
      <Filter>addons\ofxLSL\src</Filter>
    </ClInclude>
    <ClInclude Include="..\src\SoftwareVersionChecker.h">
      <Filter>addons\ofxEmotiBit\src</Filter>
    </ClInclude>
    <ClInclude Include="..\..\ofxOscilloscope\ofxPatchboard\Patchboard\src\PatchboardBase.h">
      <Filter>addons\ofxOscilloscope\ofxPatchboard\Patchboard\src</Filter>
    </ClInclude>
    <ClInclude Include="..\..\ofxOscilloscope\ofxPatchboard\Patchboard\src\PatchboardJson.h">
      <Filter>addons\ofxOscilloscope\ofxPatchboard\Patchboard\src</Filter>
    </ClInclude>
    <ClInclude Include="..\..\ofxOscilloscope\ofxPatchboard\Patchboard\src\PatchboardXml.h">
      <Filter>addons\ofxOscilloscope\ofxPatchboard\Patchboard\src</Filter>
    </ClInclude>
    <ClInclude Include="..\src\EmotiBitOfUtils.h">
      <Filter>addons\ofxEmotiBit\src</Filter>
    </ClInclude>
    <ClInclude Include="src\EmotiBitWiFiHost.h">
      <Filter>src</Filter>
    </ClInclude>
    <ClInclude Include="src\EmotiBitLsl.h">
      <Filter>src</Filter>
    </ClInclude>
    <ClInclude Include="..\..\EmotiBit_XPlat_Utils\src\ArduinoString.h">
      <Filter>src\EmotiBit_XPlat_Utils\src</Filter>
    </ClInclude>
  </ItemGroup>
  <ItemGroup>
    <ResourceCompile Include="icon.rc" />
  </ItemGroup>
</Project>