<?xml version="1.0" encoding="utf-8"?>
<Project ToolsVersion="4.0" xmlns="http://schemas.microsoft.com/developer/msbuild/2003">
  <ItemGroup>
    <ClCompile Include="src\ofApp.cpp">
      <Filter>src</Filter>
    </ClCompile>
    <ClCompile Include="src\main.cpp">
      <Filter>src</Filter>
    </ClCompile>
    <ClCompile Include="src\main.cpp">
      <Filter>src</Filter>
    </ClCompile>
    <ClCompile Include="src\ofApp.cpp">
      <Filter>src</Filter>
    </ClCompile>
    <ClCompile Include="..\..\..\addons\ofxGui\src\ofxBaseGui.cpp">
      <Filter>addons\ofxGui\src</Filter>
    </ClCompile>
    <ClCompile Include="..\..\..\addons\ofxGui\src\ofxButton.cpp">
      <Filter>addons\ofxGui\src</Filter>
    </ClCompile>
    <ClCompile Include="..\..\..\addons\ofxGui\src\ofxColorPicker.cpp">
      <Filter>addons\ofxGui\src</Filter>
    </ClCompile>
    <ClCompile Include="..\..\..\addons\ofxGui\src\ofxGuiGroup.cpp">
      <Filter>addons\ofxGui\src</Filter>
    </ClCompile>
    <ClCompile Include="..\..\..\addons\ofxGui\src\ofxInputField.cpp">
      <Filter>addons\ofxGui\src</Filter>
    </ClCompile>
    <ClCompile Include="..\..\..\addons\ofxGui\src\ofxLabel.cpp">
      <Filter>addons\ofxGui\src</Filter>
    </ClCompile>
    <ClCompile Include="..\..\..\addons\ofxGui\src\ofxPanel.cpp">
      <Filter>addons\ofxGui\src</Filter>
    </ClCompile>
    <ClCompile Include="..\..\..\addons\ofxGui\src\ofxSlider.cpp">
      <Filter>addons\ofxGui\src</Filter>
    </ClCompile>
    <ClCompile Include="..\..\..\addons\ofxGui\src\ofxSliderGroup.cpp">
      <Filter>addons\ofxGui\src</Filter>
    </ClCompile>
    <ClCompile Include="..\..\..\addons\ofxGui\src\ofxToggle.cpp">
      <Filter>addons\ofxGui\src</Filter>
    </ClCompile>
    <ClCompile Include="..\..\..\addons\ofxThreadedLogger\src\ofxThreadedLogger.cpp">
      <Filter>addons\ofxThreadedLogger\src</Filter>
    </ClCompile>
    <ClCompile Include="..\..\EmotiBit_XPlat_Utils\src\EmotiBitPacket.cpp">
      <Filter>src\EmotiBit_XPlat_Utils\src</Filter>
    </ClCompile>
    <ClCompile Include="..\..\ofxJSON\src\ofxJSONElement.cpp">
      <Filter>addons\ofxJSON\src</Filter>
    </ClCompile>
    <ClCompile Include="..\..\ofxJSON\libs\jsoncpp\src\jsoncpp.cpp">
      <Filter>addons\ofxJSON\libs\jsoncpp\src</Filter>
    </ClCompile>
  </ItemGroup>
  <ItemGroup>
    <Filter Include="src">
      <UniqueIdentifier>{d8376475-7454-4a24-b08a-aac121d3ad6f}</UniqueIdentifier>
    </Filter>
    <Filter Include="addons">
      <UniqueIdentifier>{71834F65-F3A9-211E-73B8-DC85}</UniqueIdentifier>
    </Filter>
    <Filter Include="addons\ofxEmotiBit">
      <UniqueIdentifier>{D5BAEE0B-17C8-94EC-18FD-28FF}</UniqueIdentifier>
    </Filter>
    <Filter Include="addons\ofxEmotiBit\src">
      <UniqueIdentifier>{E6176BF7-A69F-78A5-E517-F6F5}</UniqueIdentifier>
    </Filter>
    <Filter Include="addons\ofxGui">
      <UniqueIdentifier>{4F2A59AF-5F4E-704B-D067-EC13}</UniqueIdentifier>
    </Filter>
    <Filter Include="addons\ofxGui\src">
      <UniqueIdentifier>{645E9533-4DCD-6179-1CDF-CB65}</UniqueIdentifier>
    </Filter>
    <Filter Include="addons\ofxThreadedLogger">
      <UniqueIdentifier>{832094C4-8614-2B4B-A60F-4240}</UniqueIdentifier>
    </Filter>
    <Filter Include="addons\ofxThreadedLogger\src">
      <UniqueIdentifier>{CA068CB5-A638-66AF-AE6A-1CDD}</UniqueIdentifier>
    </Filter>
    <Filter Include="src\EmotiBit_XPlat_Utils">
      <UniqueIdentifier>{65278f89-1de8-4349-b6a2-67608b3cc543}</UniqueIdentifier>
    </Filter>
    <Filter Include="src\EmotiBit_XPlat_Utils\src">
      <UniqueIdentifier>{181c7b9b-355d-4b55-a230-db3fa86c93d3}</UniqueIdentifier>
    </Filter>
    <Filter Include="addons\ofxJSON">
      <UniqueIdentifier>{809769d7-40b2-4fbe-a2c7-152227d53ea0}</UniqueIdentifier>
    </Filter>
    <Filter Include="addons\ofxJSON\src">
      <UniqueIdentifier>{26a2d6c4-6a60-48c4-8f6a-380711fb6856}</UniqueIdentifier>
    </Filter>
    <Filter Include="addons\ofxJSON\libs">
      <UniqueIdentifier>{4f83a5a1-a679-4d2e-b665-6a0a66bf553d}</UniqueIdentifier>
    </Filter>
    <Filter Include="addons\ofxJSON\libs\jsoncpp">
      <UniqueIdentifier>{bd6ab7fa-3c87-437f-a34b-401d018f43d7}</UniqueIdentifier>
    </Filter>
    <Filter Include="addons\ofxJSON\libs\jsoncpp\include">
      <UniqueIdentifier>{64f35601-2ba4-47b9-8950-544ddb11e181}</UniqueIdentifier>
    </Filter>
    <Filter Include="addons\ofxJSON\libs\jsoncpp\src">
      <UniqueIdentifier>{b61cf99b-ea26-4f55-8540-4eb5008d41dc}</UniqueIdentifier>
    </Filter>
    <Filter Include="addons\ofxJSON\libs\jsoncpp\include\json">
      <UniqueIdentifier>{a8f80993-3382-4330-b255-372da6ca3ba6}</UniqueIdentifier>
    </Filter>
  </ItemGroup>
  <ItemGroup>
    <ClInclude Include="src\ofApp.h">
      <Filter>src</Filter>
    </ClInclude>
    <ClInclude Include="src\ofApp.h">
      <Filter>src</Filter>
    </ClInclude>
    <ClInclude Include="..\..\..\addons\ofxEmotiBit\src\ofxEmotiBitVersion.h">
      <Filter>addons\ofxEmotiBit\src</Filter>
    </ClInclude>
    <ClInclude Include="..\..\..\addons\ofxGui\src\ofxBaseGui.h">
      <Filter>addons\ofxGui\src</Filter>
    </ClInclude>
    <ClInclude Include="..\..\..\addons\ofxGui\src\ofxButton.h">
      <Filter>addons\ofxGui\src</Filter>
    </ClInclude>
    <ClInclude Include="..\..\..\addons\ofxGui\src\ofxColorPicker.h">
      <Filter>addons\ofxGui\src</Filter>
    </ClInclude>
    <ClInclude Include="..\..\..\addons\ofxGui\src\ofxGui.h">
      <Filter>addons\ofxGui\src</Filter>
    </ClInclude>
    <ClInclude Include="..\..\..\addons\ofxGui\src\ofxGuiGroup.h">
      <Filter>addons\ofxGui\src</Filter>
    </ClInclude>
    <ClInclude Include="..\..\..\addons\ofxGui\src\ofxGuiUtils.h">
      <Filter>addons\ofxGui\src</Filter>
    </ClInclude>
    <ClInclude Include="..\..\..\addons\ofxGui\src\ofxInputField.h">
      <Filter>addons\ofxGui\src</Filter>
    </ClInclude>
    <ClInclude Include="..\..\..\addons\ofxGui\src\ofxLabel.h">
      <Filter>addons\ofxGui\src</Filter>
    </ClInclude>
    <ClInclude Include="..\..\..\addons\ofxGui\src\ofxPanel.h">
      <Filter>addons\ofxGui\src</Filter>
    </ClInclude>
    <ClInclude Include="..\..\..\addons\ofxGui\src\ofxSlider.h">
      <Filter>addons\ofxGui\src</Filter>
    </ClInclude>
    <ClInclude Include="..\..\..\addons\ofxGui\src\ofxSliderGroup.h">
      <Filter>addons\ofxGui\src</Filter>
    </ClInclude>
    <ClInclude Include="..\..\..\addons\ofxGui\src\ofxToggle.h">
      <Filter>addons\ofxGui\src</Filter>
    </ClInclude>
    <ClInclude Include="..\..\..\addons\ofxThreadedLogger\src\ofxThreadedLogger.h">
      <Filter>addons\ofxThreadedLogger\src</Filter>
    </ClInclude>
    <ClInclude Include="..\..\EmotiBit_XPlat_Utils\src\EmotiBitComms.h">
      <Filter>src\EmotiBit_XPlat_Utils\src</Filter>
    </ClInclude>
    <ClInclude Include="..\..\EmotiBit_XPlat_Utils\src\EmotiBitPacket.h">
      <Filter>src\EmotiBit_XPlat_Utils\src</Filter>
    </ClInclude>
    <ClInclude Include="..\..\ofxJSON\src\ofxJSON.h">
      <Filter>addons\ofxJSON\src</Filter>
    </ClInclude>
    <ClInclude Include="..\..\ofxJSON\src\ofxJSONElement.h">
      <Filter>addons\ofxJSON\src</Filter>
    </ClInclude>
    <ClInclude Include="..\..\ofxJSON\libs\jsoncpp\include\json\json.h">
      <Filter>addons\ofxJSON\libs\jsoncpp\include\json</Filter>
    </ClInclude>
    <ClInclude Include="..\..\ofxJSON\libs\jsoncpp\include\json\json-forwards.h">
      <Filter>addons\ofxJSON\libs\jsoncpp\include\json</Filter>
    </ClInclude>
  </ItemGroup>
  <ItemGroup>
    <ResourceCompile Include="icon.rc" />
  </ItemGroup>
</Project>