<?xml version="1.0" encoding="utf-8"?>
<Project ToolsVersion="4.0" xmlns="http://schemas.microsoft.com/developer/msbuild/2003">
  <ItemGroup>
    <ClCompile Include="src\ofApp.cpp">
      <Filter>src</Filter>
    </ClCompile>
    <ClCompile Include="src\main.cpp">
      <Filter>src</Filter>
    </ClCompile>
    <ClCompile Include="..\..\..\addons\ofxOscilloscope\src\ofxOscilloscope.cpp">
      <Filter>addons\ofxOscilloscope\src</Filter>
    </ClCompile>
    <ClCompile Include="..\..\..\addons\ofxThreadedLogger\src\ofxThreadedLogger.cpp">
      <Filter>addons\ofxThreadedLogger\src</Filter>
    </ClCompile>
    <ClCompile Include="..\..\..\addons\ofxNetwork\src\ofxTCPClient.cpp">
      <Filter>addons\ofxNetwork\src</Filter>
    </ClCompile>
    <ClCompile Include="..\..\..\addons\ofxNetwork\src\ofxTCPManager.cpp">
      <Filter>addons\ofxNetwork\src</Filter>
    </ClCompile>
    <ClCompile Include="..\..\..\addons\ofxNetwork\src\ofxTCPServer.cpp">
      <Filter>addons\ofxNetwork\src</Filter>
    </ClCompile>
    <ClCompile Include="..\..\..\addons\ofxNetwork\src\ofxUDPManager.cpp">
      <Filter>addons\ofxNetwork\src</Filter>
    </ClCompile>
    <ClCompile Include="..\..\..\addons\ofxNetworkUtils\libs\ofxNetworkUtils\src\IPAddressRange.cpp">
      <Filter>addons\ofxNetworkUtils\libs\ofxNetworkUtils\src</Filter>
    </ClCompile>
    <ClCompile Include="..\..\..\addons\ofxNetworkUtils\libs\ofxNetworkUtils\src\NetworkInterfaceListener.cpp">
      <Filter>addons\ofxNetworkUtils\libs\ofxNetworkUtils\src</Filter>
    </ClCompile>
    <ClCompile Include="..\..\..\addons\ofxNetworkUtils\libs\ofxNetworkUtils\src\NetworkUtils.cpp">
      <Filter>addons\ofxNetworkUtils\libs\ofxNetworkUtils\src</Filter>
    </ClCompile>
    <ClCompile Include="..\..\..\addons\ofxGui\src\ofxBaseGui.cpp">
      <Filter>addons\ofxGui\src</Filter>
    </ClCompile>
    <ClCompile Include="..\..\..\addons\ofxGui\src\ofxButton.cpp">
      <Filter>addons\ofxGui\src</Filter>
    </ClCompile>
    <ClCompile Include="..\..\..\addons\ofxGui\src\ofxGuiGroup.cpp">
      <Filter>addons\ofxGui\src</Filter>
    </ClCompile>
    <ClCompile Include="..\..\..\addons\ofxGui\src\ofxLabel.cpp">
      <Filter>addons\ofxGui\src</Filter>
    </ClCompile>
    <ClCompile Include="..\..\..\addons\ofxGui\src\ofxPanel.cpp">
      <Filter>addons\ofxGui\src</Filter>
    </ClCompile>
    <ClCompile Include="..\..\..\addons\ofxGui\src\ofxSlider.cpp">
      <Filter>addons\ofxGui\src</Filter>
    </ClCompile>
    <ClCompile Include="..\..\..\addons\ofxGui\src\ofxSliderGroup.cpp">
      <Filter>addons\ofxGui\src</Filter>
    </ClCompile>
    <ClCompile Include="..\..\..\addons\ofxGui\src\ofxToggle.cpp">
      <Filter>addons\ofxGui\src</Filter>
    </ClCompile>
    <ClCompile Include="..\..\..\addons\ofxInputField\src\ofxInputField.cpp">
      <Filter>addons\ofxInputField\src</Filter>
    </ClCompile>
    <ClCompile Include="..\EmotiBitUtils\EmotiBitPacket.cpp">
      <Filter>EmotiBitUtils</Filter>
    </ClCompile>
  </ItemGroup>
  <ItemGroup>
    <Filter Include="src">
      <UniqueIdentifier>{d8376475-7454-4a24-b08a-aac121d3ad6f}</UniqueIdentifier>
    </Filter>
    <Filter Include="addons">
      <UniqueIdentifier>{7e6dfe49-4815-45dd-a61c-29f0fff9b861}</UniqueIdentifier>
    </Filter>
    <Filter Include="addons\ofxOscilloscope">
      <UniqueIdentifier>{a9c63b6a-9897-4eb9-9908-16f9f2d19e3f}</UniqueIdentifier>
    </Filter>
    <Filter Include="addons\ofxOscilloscope\src">
      <UniqueIdentifier>{d1b922fc-6992-4144-8ec5-01a7bb79ba63}</UniqueIdentifier>
    </Filter>
    <Filter Include="addons\ofxThreadedLogger">
      <UniqueIdentifier>{cd7fb774-ada1-4974-b4ee-ff1072809866}</UniqueIdentifier>
    </Filter>
    <Filter Include="addons\ofxThreadedLogger\src">
      <UniqueIdentifier>{3ae2a51a-c49c-46e9-9edd-ceddd603fc8b}</UniqueIdentifier>
    </Filter>
    <Filter Include="addons\ofxNetwork">
      <UniqueIdentifier>{e2b207fd-ad72-4e16-b1b2-c8d4217fb093}</UniqueIdentifier>
    </Filter>
    <Filter Include="addons\ofxNetwork\src">
      <UniqueIdentifier>{534ca19b-152d-473c-8c50-56f81bc6c376}</UniqueIdentifier>
    </Filter>
    <Filter Include="addons\ofxNetworkUtils">
      <UniqueIdentifier>{d975d8e6-d0f9-43c8-a73f-c04481a34da3}</UniqueIdentifier>
    </Filter>
    <Filter Include="addons\ofxNetworkUtils\src">
      <UniqueIdentifier>{55fbceae-9472-43cd-880f-d01d3c06b77f}</UniqueIdentifier>
    </Filter>
    <Filter Include="addons\ofxNetworkUtils\libs">
      <UniqueIdentifier>{9ecd9ea7-afe1-4e71-8339-751fdc81f4e3}</UniqueIdentifier>
    </Filter>
    <Filter Include="addons\ofxNetworkUtils\libs\ofxNetworkUtils">
      <UniqueIdentifier>{d0f80ff6-23a6-4983-9d34-fc3b65e93ce4}</UniqueIdentifier>
    </Filter>
    <Filter Include="addons\ofxNetworkUtils\libs\ofxNetworkUtils\include">
      <UniqueIdentifier>{663f5a74-e7e8-46c1-bfc6-7c7a25e917ba}</UniqueIdentifier>
    </Filter>
    <Filter Include="addons\ofxNetworkUtils\libs\ofxNetworkUtils\include\ofx">
      <UniqueIdentifier>{51360ec5-fb79-443f-99d3-495f4ee3775e}</UniqueIdentifier>
    </Filter>
    <Filter Include="addons\ofxNetworkUtils\libs\ofxNetworkUtils\include\ofx\Net">
      <UniqueIdentifier>{95e9851e-7d5b-4585-9e10-6c681eccf52d}</UniqueIdentifier>
    </Filter>
    <Filter Include="addons\ofxNetworkUtils\libs\ofxNetworkUtils\src">
      <UniqueIdentifier>{bbb8f3bf-0f93-4e2c-a4f8-dbf3c4a9d527}</UniqueIdentifier>
    </Filter>
    <Filter Include="addons\ofxGui">
      <UniqueIdentifier>{a1043d2b-47bc-4061-b1c7-eb58931bef8f}</UniqueIdentifier>
    </Filter>
    <Filter Include="addons\ofxGui\src">
      <UniqueIdentifier>{9abab581-3267-4b40-8961-d577d039977b}</UniqueIdentifier>
    </Filter>
    <Filter Include="addons\ofxInputField">
      <UniqueIdentifier>{412fce15-068a-4c21-a0b2-da99c1d98a4f}</UniqueIdentifier>
    </Filter>
    <Filter Include="addons\ofxInputField\src">
      <UniqueIdentifier>{e2713fb9-a127-4e39-a877-c8756f143edd}</UniqueIdentifier>
    </Filter>
    <Filter Include="EmotiBitUtils">
      <UniqueIdentifier>{44d26bf1-ce0f-4af7-ba6c-673cd3e6281c}</UniqueIdentifier>
    </Filter>
  </ItemGroup>
  <ItemGroup>
    <ClInclude Include="src\ofApp.h">
      <Filter>src</Filter>
    </ClInclude>
    <ClInclude Include="..\..\..\addons\ofxOscilloscope\src\ofxOscilloscope.h">
      <Filter>addons\ofxOscilloscope\src</Filter>
    </ClInclude>
    <ClInclude Include="..\..\..\addons\ofxThreadedLogger\src\ofxThreadedLogger.h">
      <Filter>addons\ofxThreadedLogger\src</Filter>
    </ClInclude>
    <ClInclude Include="..\..\..\addons\ofxNetwork\src\ofxNetwork.h">
      <Filter>addons\ofxNetwork\src</Filter>
    </ClInclude>
    <ClInclude Include="..\..\..\addons\ofxNetwork\src\ofxNetworkUtils.h">
      <Filter>addons\ofxNetwork\src</Filter>
    </ClInclude>
    <ClInclude Include="..\..\..\addons\ofxNetwork\src\ofxTCPClient.h">
      <Filter>addons\ofxNetwork\src</Filter>
    </ClInclude>
    <ClInclude Include="..\..\..\addons\ofxNetwork\src\ofxTCPManager.h">
      <Filter>addons\ofxNetwork\src</Filter>
    </ClInclude>
    <ClInclude Include="..\..\..\addons\ofxNetwork\src\ofxTCPServer.h">
      <Filter>addons\ofxNetwork\src</Filter>
    </ClInclude>
    <ClInclude Include="..\..\..\addons\ofxNetwork\src\ofxUDPManager.h">
      <Filter>addons\ofxNetwork\src</Filter>
    </ClInclude>
    <ClInclude Include="..\..\..\addons\ofxNetworkUtils\src\ofxNetworkUtils.h">
      <Filter>addons\ofxNetworkUtils\src</Filter>
    </ClInclude>
    <ClInclude Include="..\..\..\addons\ofxNetworkUtils\libs\ofxNetworkUtils\include\ofx\Net\IPAddressRange.h">
      <Filter>addons\ofxNetworkUtils\libs\ofxNetworkUtils\include\ofx\Net</Filter>
    </ClInclude>
    <ClInclude Include="..\..\..\addons\ofxNetworkUtils\libs\ofxNetworkUtils\include\ofx\Net\NetworkInterfaceListener.h">
      <Filter>addons\ofxNetworkUtils\libs\ofxNetworkUtils\include\ofx\Net</Filter>
    </ClInclude>
    <ClInclude Include="..\..\..\addons\ofxNetworkUtils\libs\ofxNetworkUtils\include\ofx\Net\NetworkUtils.h">
      <Filter>addons\ofxNetworkUtils\libs\ofxNetworkUtils\include\ofx\Net</Filter>
    </ClInclude>
    <ClInclude Include="..\..\..\addons\ofxGui\src\ofxBaseGui.h">
      <Filter>addons\ofxGui\src</Filter>
    </ClInclude>
    <ClInclude Include="..\..\..\addons\ofxGui\src\ofxButton.h">
      <Filter>addons\ofxGui\src</Filter>
    </ClInclude>
    <ClInclude Include="..\..\..\addons\ofxGui\src\ofxGui.h">
      <Filter>addons\ofxGui\src</Filter>
    </ClInclude>
    <ClInclude Include="..\..\..\addons\ofxGui\src\ofxGuiGroup.h">
      <Filter>addons\ofxGui\src</Filter>
    </ClInclude>
    <ClInclude Include="..\..\..\addons\ofxGui\src\ofxLabel.h">
      <Filter>addons\ofxGui\src</Filter>
    </ClInclude>
    <ClInclude Include="..\..\..\addons\ofxGui\src\ofxPanel.h">
      <Filter>addons\ofxGui\src</Filter>
    </ClInclude>
    <ClInclude Include="..\..\..\addons\ofxGui\src\ofxSlider.h">
      <Filter>addons\ofxGui\src</Filter>
    </ClInclude>
    <ClInclude Include="..\..\..\addons\ofxGui\src\ofxSliderGroup.h">
      <Filter>addons\ofxGui\src</Filter>
    </ClInclude>
    <ClInclude Include="..\..\..\addons\ofxGui\src\ofxToggle.h">
      <Filter>addons\ofxGui\src</Filter>
    </ClInclude>
    <ClInclude Include="..\..\..\addons\ofxInputField\src\ofxInputField.h">
      <Filter>addons\ofxInputField\src</Filter>
    </ClInclude>
    <ClInclude Include="..\EmotiBitUtils\EmotiBitPacket.h">
      <Filter>EmotiBitUtils</Filter>
    </ClInclude>
  </ItemGroup>
  <ItemGroup>
    <ResourceCompile Include="icon.rc" />
  </ItemGroup>
</Project>